
Microsoft Visual Studio Solution File, Format Version 12.00
# Visual Studio Version 17
VisualStudioVersion = 17.11.35219.272
MinimumVisualStudioVersion = 10.0.40219.1
Project("{9A19103F-16F7-4668-BE54-9A1E7A4F7556}") = "LAB1", "..\LAB1\LAB1\LAB1.csproj", "{4F534FF4-0121-4D7D-B0A5-50D9B4B6B4FB}"
EndProject
Project("{9A19103F-16F7-4668-BE54-9A1E7A4F7556}") = "LAB1.Tests", "..\LAB1.Tests\LAB1.Tests.csproj", "{A5053897-E669-40D7-8E6E-E17B9EE971DA}"
EndProject
Global
	GlobalSection(SolutionConfigurationPlatforms) = preSolution
		Debug|Any CPU = Debug|Any CPU
		Release|Any CPU = Release|Any CPU
	EndGlobalSection
	GlobalSection(ProjectConfigurationPlatforms) = postSolution
		{4F534FF4-0121-4D7D-B0A5-50D9B4B6B4FB}.Debug|Any CPU.ActiveCfg = Debug|Any CPU
		{4F534FF4-0121-4D7D-B0A5-50D9B4B6B4FB}.Debug|Any CPU.Build.0 = Debug|Any CPU
		{4F534FF4-0121-4D7D-B0A5-50D9B4B6B4FB}.Release|Any CPU.ActiveCfg = Release|Any CPU
		{4F534FF4-0121-4D7D-B0A5-50D9B4B6B4FB}.Release|Any CPU.Build.0 = Release|Any CPU
		{A5053897-E669-40D7-8E6E-E17B9EE971DA}.Debug|Any CPU.ActiveCfg = Debug|Any CPU
		{A5053897-E669-40D7-8E6E-E17B9EE971DA}.Debug|Any CPU.Build.0 = Debug|Any CPU
		{A5053897-E669-40D7-8E6E-E17B9EE971DA}.Release|Any CPU.ActiveCfg = Release|Any CPU
		{A5053897-E669-40D7-8E6E-E17B9EE971DA}.Release|Any CPU.Build.0 = Release|Any CPU
	EndGlobalSection
	GlobalSection(SolutionProperties) = preSolution
		HideSolutionNode = FALSE
	EndGlobalSection
	GlobalSection(ExtensibilityGlobals) = postSolution
		SolutionGuid = {026400D7-E958-4637-AD14-32300F529A80}
	EndGlobalSection
EndGlobal
