
Microsoft Visual Studio Solution File, Format Version 12.00
# Visual Studio Version 17
VisualStudioVersion = 17.11.35219.272
MinimumVisualStudioVersion = 10.0.40219.1
Project("{FAE04EC0-301F-11D3-BF4B-00C04F79EFBC}") = "LAB1.Tests", "LAB1.Tests.csproj", "{8C6FB4F2-9ACD-42D8-9305-F3F0056BD2FC}"
EndProject
Global
	GlobalSection(SolutionConfigurationPlatforms) = preSolution
		Debug|Any CPU = Debug|Any CPU
		Release|Any CPU = Release|Any CPU
	EndGlobalSection
	GlobalSection(ProjectConfigurationPlatforms) = postSolution
		{8C6FB4F2-9ACD-42D8-9305-F3F0056BD2FC}.Debug|Any CPU.ActiveCfg = Debug|Any CPU
		{8C6FB4F2-9ACD-42D8-9305-F3F0056BD2FC}.Debug|Any CPU.Build.0 = Debug|Any CPU
		{8C6FB4F2-9ACD-42D8-9305-F3F0056BD2FC}.Release|Any CPU.ActiveCfg = Release|Any CPU
		{8C6FB4F2-9ACD-42D8-9305-F3F0056BD2FC}.Release|Any CPU.Build.0 = Release|Any CPU
	EndGlobalSection
	GlobalSection(SolutionProperties) = preSolution
		HideSolutionNode = FALSE
	EndGlobalSection
	GlobalSection(ExtensibilityGlobals) = postSolution
		SolutionGuid = {4BD818B1-294A-452C-8881-20F3D0168A3C}
	EndGlobalSection
EndGlobal
